// !$*UTF8*$!
{
	archiveVersion = 1;
	classes = {
	};
	objectVersion = 46;
	objects = {

/* Begin PBXBuildFile section */
		6D04E019137CC4DC00FFE93A /* QuartzCore.framework in Frameworks */ = {isa = PBXBuildFile; fileRef = 6D04E018137CC4DC00FFE93A /* QuartzCore.framework */; };
		6DA2F21D137C66AE00AB7992 /* SlidingTabsControl.m in Sources */ = {isa = PBXBuildFile; fileRef = 6DA2F21C137C66AE00AB7992 /* SlidingTabsControl.m */; };
		6DA2F222137C66D600AB7992 /* SlidingTabsAppDelegate.m in Sources */ = {isa = PBXBuildFile; fileRef = 6DA2F21F137C66D600AB7992 /* SlidingTabsAppDelegate.m */; };
		6DA2F223137C66D600AB7992 /* SlidingTabsViewController.m in Sources */ = {isa = PBXBuildFile; fileRef = 6DA2F221137C66D600AB7992 /* SlidingTabsViewController.m */; };
		6DA2F225137C66F400AB7992 /* InfoPlist.strings in Resources */ = {isa = PBXBuildFile; fileRef = 6DA2F224137C66F400AB7992 /* InfoPlist.strings */; };
		6DA2F228137C671300AB7992 /* MainWindow.xib in Resources */ = {isa = PBXBuildFile; fileRef = 6DA2F226137C671300AB7992 /* MainWindow.xib */; };
		6DA2F229137C671300AB7992 /* SlidingTabsViewController.xib in Resources */ = {isa = PBXBuildFile; fileRef = 6DA2F227137C671300AB7992 /* SlidingTabsViewController.xib */; };
		6DA2F22C137C855100AB7992 /* SlidingTabsTab.m in Sources */ = {isa = PBXBuildFile; fileRef = 6DA2F22B137C855100AB7992 /* SlidingTabsTab.m */; };
		6DD154AB137C658900F440E0 /* UIKit.framework in Frameworks */ = {isa = PBXBuildFile; fileRef = 6DD154AA137C658900F440E0 /* UIKit.framework */; };
		6DD154AD137C658900F440E0 /* Foundation.framework in Frameworks */ = {isa = PBXBuildFile; fileRef = 6DD154AC137C658900F440E0 /* Foundation.framework */; };
		6DD154AF137C658900F440E0 /* CoreGraphics.framework in Frameworks */ = {isa = PBXBuildFile; fileRef = 6DD154AE137C658900F440E0 /* CoreGraphics.framework */; };
		6DD154B8137C658A00F440E0 /* main.m in Sources */ = {isa = PBXBuildFile; fileRef = 6DD154B7137C658A00F440E0 /* main.m */; };
/* End PBXBuildFile section */

/* Begin PBXFileReference section */
		6D04E018137CC4DC00FFE93A /* QuartzCore.framework */ = {isa = PBXFileReference; lastKnownFileType = wrapper.framework; name = QuartzCore.framework; path = System/Library/Frameworks/QuartzCore.framework; sourceTree = SDKROOT; };
		6DA2F21B137C66AE00AB7992 /* SlidingTabsControl.h */ = {isa = PBXFileReference; fileEncoding = 4; lastKnownFileType = sourcecode.c.h; name = SlidingTabsControl.h; path = Classes/SlidingTabsControl.h; sourceTree = "<group>"; };
		6DA2F21C137C66AE00AB7992 /* SlidingTabsControl.m */ = {isa = PBXFileReference; fileEncoding = 4; lastKnownFileType = sourcecode.c.objc; name = SlidingTabsControl.m; path = Classes/SlidingTabsControl.m; sourceTree = "<group>"; };
		6DA2F21E137C66D600AB7992 /* SlidingTabsAppDelegate.h */ = {isa = PBXFileReference; fileEncoding = 4; lastKnownFileType = sourcecode.c.h; name = SlidingTabsAppDelegate.h; path = Classes/SlidingTabsAppDelegate.h; sourceTree = "<group>"; };
		6DA2F21F137C66D600AB7992 /* SlidingTabsAppDelegate.m */ = {isa = PBXFileReference; fileEncoding = 4; lastKnownFileType = sourcecode.c.objc; name = SlidingTabsAppDelegate.m; path = Classes/SlidingTabsAppDelegate.m; sourceTree = "<group>"; };
		6DA2F220137C66D600AB7992 /* SlidingTabsViewController.h */ = {isa = PBXFileReference; fileEncoding = 4; lastKnownFileType = sourcecode.c.h; name = SlidingTabsViewController.h; path = Classes/SlidingTabsViewController.h; sourceTree = "<group>"; };
		6DA2F221137C66D600AB7992 /* SlidingTabsViewController.m */ = {isa = PBXFileReference; fileEncoding = 4; lastKnownFileType = sourcecode.c.objc; name = SlidingTabsViewController.m; path = Classes/SlidingTabsViewController.m; sourceTree = "<group>"; };
		6DA2F224137C66F400AB7992 /* InfoPlist.strings */ = {isa = PBXFileReference; fileEncoding = 4; lastKnownFileType = text.plist.strings; path = InfoPlist.strings; sourceTree = "<group>"; };
		6DA2F226137C671300AB7992 /* MainWindow.xib */ = {isa = PBXFileReference; fileEncoding = 4; lastKnownFileType = file.xib; path = MainWindow.xib; sourceTree = "<group>"; };
		6DA2F227137C671300AB7992 /* SlidingTabsViewController.xib */ = {isa = PBXFileReference; fileEncoding = 4; lastKnownFileType = file.xib; path = SlidingTabsViewController.xib; sourceTree = "<group>"; };
		6DA2F22A137C855100AB7992 /* SlidingTabsTab.h */ = {isa = PBXFileReference; fileEncoding = 4; lastKnownFileType = sourcecode.c.h; name = SlidingTabsTab.h; path = Classes/SlidingTabsTab.h; sourceTree = "<group>"; };
		6DA2F22B137C855100AB7992 /* SlidingTabsTab.m */ = {isa = PBXFileReference; fileEncoding = 4; lastKnownFileType = sourcecode.c.objc; name = SlidingTabsTab.m; path = Classes/SlidingTabsTab.m; sourceTree = "<group>"; };
		6DD154A6137C658900F440E0 /* SlidingTabs.app */ = {isa = PBXFileReference; explicitFileType = wrapper.application; includeInIndex = 0; path = SlidingTabs.app; sourceTree = BUILT_PRODUCTS_DIR; };
		6DD154AA137C658900F440E0 /* UIKit.framework */ = {isa = PBXFileReference; lastKnownFileType = wrapper.framework; name = UIKit.framework; path = System/Library/Frameworks/UIKit.framework; sourceTree = SDKROOT; };
		6DD154AC137C658900F440E0 /* Foundation.framework */ = {isa = PBXFileReference; lastKnownFileType = wrapper.framework; name = Foundation.framework; path = System/Library/Frameworks/Foundation.framework; sourceTree = SDKROOT; };
		6DD154AE137C658900F440E0 /* CoreGraphics.framework */ = {isa = PBXFileReference; lastKnownFileType = wrapper.framework; name = CoreGraphics.framework; path = System/Library/Frameworks/CoreGraphics.framework; sourceTree = SDKROOT; };
		6DD154B2137C658900F440E0 /* SlidingTabs-Info.plist */ = {isa = PBXFileReference; lastKnownFileType = text.plist.xml; path = "SlidingTabs-Info.plist"; sourceTree = "<group>"; };
		6DD154B6137C658A00F440E0 /* SlidingTabs-Prefix.pch */ = {isa = PBXFileReference; lastKnownFileType = sourcecode.c.h; path = "SlidingTabs-Prefix.pch"; sourceTree = "<group>"; };
		6DD154B7137C658A00F440E0 /* main.m */ = {isa = PBXFileReference; lastKnownFileType = sourcecode.c.objc; path = main.m; sourceTree = "<group>"; };
/* End PBXFileReference section */

/* Begin PBXFrameworksBuildPhase section */
		6DD154A3137C658900F440E0 /* Frameworks */ = {
			isa = PBXFrameworksBuildPhase;
			buildActionMask = 2147483647;
			files = (
				6D04E019137CC4DC00FFE93A /* QuartzCore.framework in Frameworks */,
				6DD154AB137C658900F440E0 /* UIKit.framework in Frameworks */,
				6DD154AD137C658900F440E0 /* Foundation.framework in Frameworks */,
				6DD154AF137C658900F440E0 /* CoreGraphics.framework in Frameworks */,
			);
			runOnlyForDeploymentPostprocessing = 0;
		};
/* End PBXFrameworksBuildPhase section */

/* Begin PBXGroup section */
		6DD1549B137C658700F440E0 = {
			isa = PBXGroup;
			children = (
				6D04E018137CC4DC00FFE93A /* QuartzCore.framework */,
				6DD154B0137C658900F440E0 /* SlidingTabs */,
				6DD154A9137C658900F440E0 /* Frameworks */,
				6DD154A7137C658900F440E0 /* Products */,
			);
			sourceTree = "<group>";
		};
		6DD154A7137C658900F440E0 /* Products */ = {
			isa = PBXGroup;
			children = (
				6DD154A6137C658900F440E0 /* SlidingTabs.app */,
			);
			name = Products;
			sourceTree = "<group>";
		};
		6DD154A9137C658900F440E0 /* Frameworks */ = {
			isa = PBXGroup;
			children = (
				6DD154AA137C658900F440E0 /* UIKit.framework */,
				6DD154AC137C658900F440E0 /* Foundation.framework */,
				6DD154AE137C658900F440E0 /* CoreGraphics.framework */,
			);
			name = Frameworks;
			sourceTree = "<group>";
		};
		6DD154B0137C658900F440E0 /* SlidingTabs */ = {
			isa = PBXGroup;
			children = (
				6DA2F22A137C855100AB7992 /* SlidingTabsTab.h */,
				6DA2F22B137C855100AB7992 /* SlidingTabsTab.m */,
				6DA2F21B137C66AE00AB7992 /* SlidingTabsControl.h */,
				6DA2F21C137C66AE00AB7992 /* SlidingTabsControl.m */,
				6DA2F21E137C66D600AB7992 /* SlidingTabsAppDelegate.h */,
				6DA2F21F137C66D600AB7992 /* SlidingTabsAppDelegate.m */,
				6DA2F220137C66D600AB7992 /* SlidingTabsViewController.h */,
				6DA2F221137C66D600AB7992 /* SlidingTabsViewController.m */,
				6DA2F226137C671300AB7992 /* MainWindow.xib */,
				6DA2F227137C671300AB7992 /* SlidingTabsViewController.xib */,
				6DD154B1137C658900F440E0 /* Supporting Files */,
			);
			path = SlidingTabs;
			sourceTree = "<group>";
		};
		6DD154B1137C658900F440E0 /* Supporting Files */ = {
			isa = PBXGroup;
			children = (
				6DA2F224137C66F400AB7992 /* InfoPlist.strings */,
				6DD154B2137C658900F440E0 /* SlidingTabs-Info.plist */,
				6DD154B6137C658A00F440E0 /* SlidingTabs-Prefix.pch */,
				6DD154B7137C658A00F440E0 /* main.m */,
			);
			name = "Supporting Files";
			sourceTree = "<group>";
		};
/* End PBXGroup section */

/* Begin PBXNativeTarget section */
		6DD154A5137C658900F440E0 /* SlidingTabs */ = {
			isa = PBXNativeTarget;
			buildConfigurationList = 6DD154C7137C658A00F440E0 /* Build configuration list for PBXNativeTarget "SlidingTabs" */;
			buildPhases = (
				6DD154A2137C658900F440E0 /* Sources */,
				6DD154A3137C658900F440E0 /* Frameworks */,
				6DD154A4137C658900F440E0 /* Resources */,
			);
			buildRules = (
			);
			dependencies = (
			);
			name = SlidingTabs;
			productName = SlidingTabs;
			productReference = 6DD154A6137C658900F440E0 /* SlidingTabs.app */;
			productType = "com.apple.product-type.application";
		};
/* End PBXNativeTarget section */

/* Begin PBXProject section */
		6DD1549D137C658700F440E0 /* Project object */ = {
			isa = PBXProject;
			attributes = {
				ORGANIZATIONNAME = PHH;
			};
			buildConfigurationList = 6DD154A0137C658700F440E0 /* Build configuration list for PBXProject "SlidingTabs" */;
			compatibilityVersion = "Xcode 3.2";
			developmentRegion = English;
			hasScannedForEncodings = 0;
			knownRegions = (
				en,
			);
			mainGroup = 6DD1549B137C658700F440E0;
			productRefGroup = 6DD154A7137C658900F440E0 /* Products */;
			projectDirPath = "";
			projectRoot = "";
			targets = (
				6DD154A5137C658900F440E0 /* SlidingTabs */,
			);
		};
/* End PBXProject section */

/* Begin PBXResourcesBuildPhase section */
		6DD154A4137C658900F440E0 /* Resources */ = {
			isa = PBXResourcesBuildPhase;
			buildActionMask = 2147483647;
			files = (
				6DA2F225137C66F400AB7992 /* InfoPlist.strings in Resources */,
				6DA2F228137C671300AB7992 /* MainWindow.xib in Resources */,
				6DA2F229137C671300AB7992 /* SlidingTabsViewController.xib in Resources */,
			);
			runOnlyForDeploymentPostprocessing = 0;
		};
/* End PBXResourcesBuildPhase section */

/* Begin PBXSourcesBuildPhase section */
		6DD154A2137C658900F440E0 /* Sources */ = {
			isa = PBXSourcesBuildPhase;
			buildActionMask = 2147483647;
			files = (
				6DD154B8137C658A00F440E0 /* main.m in Sources */,
				6DA2F21D137C66AE00AB7992 /* SlidingTabsControl.m in Sources */,
				6DA2F222137C66D600AB7992 /* SlidingTabsAppDelegate.m in Sources */,
				6DA2F223137C66D600AB7992 /* SlidingTabsViewController.m in Sources */,
				6DA2F22C137C855100AB7992 /* SlidingTabsTab.m in Sources */,
			);
			runOnlyForDeploymentPostprocessing = 0;
		};
/* End PBXSourcesBuildPhase section */

/* Begin XCBuildConfiguration section */
		6DD154C5137C658A00F440E0 /* Debug */ = {
			isa = XCBuildConfiguration;
			buildSettings = {
				ARCHS = "$(ARCHS_STANDARD_32_BIT)";
				"CODE_SIGN_IDENTITY[sdk=iphoneos*]" = "iPhone Developer";
				GCC_C_LANGUAGE_STANDARD = gnu99;
				GCC_OPTIMIZATION_LEVEL = 0;
				GCC_PREPROCESSOR_DEFINITIONS = DEBUG;
				GCC_SYMBOLS_PRIVATE_EXTERN = NO;
				GCC_VERSION = com.apple.compilers.llvmgcc42;
				GCC_WARN_ABOUT_RETURN_TYPE = YES;
				GCC_WARN_UNUSED_VARIABLE = YES;
				IPHONEOS_DEPLOYMENT_TARGET = 4.3;
				SDKROOT = iphoneos;
			};
			name = Debug;
		};
		6DD154C6137C658A00F440E0 /* Release */ = {
			isa = XCBuildConfiguration;
			buildSettings = {
				ARCHS = "$(ARCHS_STANDARD_32_BIT)";
				"CODE_SIGN_IDENTITY[sdk=iphoneos*]" = "iPhone Developer";
				GCC_C_LANGUAGE_STANDARD = gnu99;
				GCC_VERSION = com.apple.compilers.llvmgcc42;
				GCC_WARN_ABOUT_RETURN_TYPE = YES;
				GCC_WARN_UNUSED_VARIABLE = YES;
				IPHONEOS_DEPLOYMENT_TARGET = 4.3;
				OTHER_CFLAGS = "-DNS_BLOCK_ASSERTIONS=1";
				SDKROOT = iphoneos;
			};
			name = Release;
		};
		6DD154C8137C658A00F440E0 /* Debug */ = {
			isa = XCBuildConfiguration;
			buildSettings = {
				ALWAYS_SEARCH_USER_PATHS = NO;
				COPY_PHASE_STRIP = NO;
				GCC_DYNAMIC_NO_PIC = NO;
				GCC_PRECOMPILE_PREFIX_HEADER = YES;
				GCC_PREFIX_HEADER = "SlidingTabs/SlidingTabs-Prefix.pch";
				INFOPLIST_FILE = "SlidingTabs/SlidingTabs-Info.plist";
				PRODUCT_NAME = "$(TARGET_NAME)";
				WRAPPER_EXTENSION = app;
			};
			name = Debug;
		};
		6DD154C9137C658A00F440E0 /* Release */ = {
			isa = XCBuildConfiguration;
			buildSettings = {
				ALWAYS_SEARCH_USER_PATHS = NO;
				COPY_PHASE_STRIP = YES;
				GCC_PRECOMPILE_PREFIX_HEADER = YES;
				GCC_PREFIX_HEADER = "SlidingTabs/SlidingTabs-Prefix.pch";
				INFOPLIST_FILE = "SlidingTabs/SlidingTabs-Info.plist";
				PRODUCT_NAME = "$(TARGET_NAME)";
				VALIDATE_PRODUCT = YES;
				WRAPPER_EXTENSION = app;
			};
			name = Release;
		};
/* End XCBuildConfiguration section */

/* Begin XCConfigurationList section */
		6DD154A0137C658700F440E0 /* Build configuration list for PBXProject "SlidingTabs" */ = {
			isa = XCConfigurationList;
			buildConfigurations = (
				6DD154C5137C658A00F440E0 /* Debug */,
				6DD154C6137C658A00F440E0 /* Release */,
			);
			defaultConfigurationIsVisible = 0;
			defaultConfigurationName = Release;
		};
		6DD154C7137C658A00F440E0 /* Build configuration list for PBXNativeTarget "SlidingTabs" */ = {
			isa = XCConfigurationList;
			buildConfigurations = (
				6DD154C8137C658A00F440E0 /* Debug */,
				6DD154C9137C658A00F440E0 /* Release */,
			);
			defaultConfigurationIsVisible = 0;
			defaultConfigurationName = Release;
		};
/* End XCConfigurationList section */
	};
	rootObject = 6DD1549D137C658700F440E0 /* Project object */;
}
